
Microsoft Visual Studio Solution File, Format Version 12.00
# Visual Studio Version 17
VisualStudioVersion = 17.5.002.0
MinimumVisualStudioVersion = 10.0.40219.1
Project("{9A19103F-16F7-4668-BE54-9A1E7A4F7556}") = "TrueAn", "TrueAn.csproj", "{D81635D6-E559-44C1-8387-39B301F6FCEA}"
EndProject
Global
	GlobalSection(SolutionConfigurationPlatforms) = preSolution
		Debug|Any CPU = Debug|Any CPU
		Release|Any CPU = Release|Any CPU
	EndGlobalSection
	GlobalSection(ProjectConfigurationPlatforms) = postSolution
		{D81635D6-E559-44C1-8387-39B301F6FCEA}.Debug|Any CPU.ActiveCfg = Debug|Any CPU
		{D81635D6-E559-44C1-8387-39B301F6FCEA}.Debug|Any CPU.Build.0 = Debug|Any CPU
		{D81635D6-E559-44C1-8387-39B301F6FCEA}.Release|Any CPU.ActiveCfg = Release|Any CPU
		{D81635D6-E559-44C1-8387-39B301F6FCEA}.Release|Any CPU.Build.0 = Release|Any CPU
	EndGlobalSection
	GlobalSection(SolutionProperties) = preSolution
		HideSolutionNode = FALSE
	EndGlobalSection
	GlobalSection(ExtensibilityGlobals) = postSolution
		SolutionGuid = {5D662B8B-D3CA-4077-AC07-ED0E72AC7B8D}
	EndGlobalSection
EndGlobal
